// !$*UTF8*$!
{
	archiveVersion = 1;
	classes = {
	};
	objectVersion = 56;
	objects = {

/* Begin PBXBuildFile section */
		461DA6792CD8AC6E00173AA2 /* ProductsListViewData.swift in Sources */ = {isa = PBXBuildFile; fileRef = 461DA6712CD8AC6E00173AA2 /* ProductsListViewData.swift */; };
		461DA67A2CD8AC6E00173AA2 /* NetworkService.swift in Sources */ = {isa = PBXBuildFile; fileRef = 461DA6752CD8AC6E00173AA2 /* NetworkService.swift */; };
		461DA67B2CD8AC6E00173AA2 /* ProductsListScreen.swift in Sources */ = {isa = PBXBuildFile; fileRef = 461DA6702CD8AC6E00173AA2 /* ProductsListScreen.swift */; };
		461DA67C2CD8AC6E00173AA2 /* ProductsContainerModel.swift in Sources */ = {isa = PBXBuildFile; fileRef = 461DA6692CD8AC6E00173AA2 /* ProductsContainerModel.swift */; };
		461DA67D2CD8AC6E00173AA2 /* ReviewModel.swift in Sources */ = {isa = PBXBuildFile; fileRef = 461DA66A2CD8AC6E00173AA2 /* ReviewModel.swift */; };
		461DA67E2CD8AC6E00173AA2 /* MetaModel.swift in Sources */ = {isa = PBXBuildFile; fileRef = 461DA6672CD8AC6E00173AA2 /* MetaModel.swift */; };
		461DA67F2CD8AC6E00173AA2 /* ProductModel.swift in Sources */ = {isa = PBXBuildFile; fileRef = 461DA6682CD8AC6E00173AA2 /* ProductModel.swift */; };
		461DA6802CD8AC6E00173AA2 /* DimensionsModel.swift in Sources */ = {isa = PBXBuildFile; fileRef = 461DA6662CD8AC6E00173AA2 /* DimensionsModel.swift */; };
		461DA6812CD8AC6E00173AA2 /* ProductsListCellView.swift in Sources */ = {isa = PBXBuildFile; fileRef = 461DA66E2CD8AC6E00173AA2 /* ProductsListCellView.swift */; };
		461DA6822CD8AC6E00173AA2 /* ProductsListViewModel.swift in Sources */ = {isa = PBXBuildFile; fileRef = 461DA6722CD8AC6E00173AA2 /* ProductsListViewModel.swift */; };
		461DA6832CD8AC6E00173AA2 /* CachedAsyncImage.swift in Sources */ = {isa = PBXBuildFile; fileRef = 461DA6772CD8AC6E00173AA2 /* CachedAsyncImage.swift */; };
		461DA6842CD8AC6E00173AA2 /* Preview Assets.xcassets in Resources */ = {isa = PBXBuildFile; fileRef = 461DA66C2CD8AC6E00173AA2 /* Preview Assets.xcassets */; };
		46B404852CD8A49E00276D6E /* LightspeedCodingChallengeApp.swift in Sources */ = {isa = PBXBuildFile; fileRef = 46B404842CD8A49E00276D6E /* LightspeedCodingChallengeApp.swift */; };
		46B404892CD8A49F00276D6E /* Assets.xcassets in Resources */ = {isa = PBXBuildFile; fileRef = 46B404882CD8A49F00276D6E /* Assets.xcassets */; };
		46B4048C2CD8A49F00276D6E /* Preview Assets.xcassets in Resources */ = {isa = PBXBuildFile; fileRef = 46B4048B2CD8A49F00276D6E /* Preview Assets.xcassets */; };
		46B404962CD8A49F00276D6E /* LightspeedCodingChallengeTests.swift in Sources */ = {isa = PBXBuildFile; fileRef = 46B404952CD8A49F00276D6E /* LightspeedCodingChallengeTests.swift */; };
		46B404A02CD8A49F00276D6E /* LightspeedCodingChallengeUITests.swift in Sources */ = {isa = PBXBuildFile; fileRef = 46B4049F2CD8A49F00276D6E /* LightspeedCodingChallengeUITests.swift */; };
		46B404A22CD8A49F00276D6E /* LightspeedCodingChallengeUITestsLaunchTests.swift in Sources */ = {isa = PBXBuildFile; fileRef = 46B404A12CD8A49F00276D6E /* LightspeedCodingChallengeUITestsLaunchTests.swift */; };
/* End PBXBuildFile section */

/* Begin PBXContainerItemProxy section */
		46B404922CD8A49F00276D6E /* PBXContainerItemProxy */ = {
			isa = PBXContainerItemProxy;
			containerPortal = 46B404792CD8A49E00276D6E /* Project object */;
			proxyType = 1;
			remoteGlobalIDString = 46B404802CD8A49E00276D6E;
			remoteInfo = LightspeedCodingChallenge;
		};
		46B4049C2CD8A49F00276D6E /* PBXContainerItemProxy */ = {
			isa = PBXContainerItemProxy;
			containerPortal = 46B404792CD8A49E00276D6E /* Project object */;
			proxyType = 1;
			remoteGlobalIDString = 46B404802CD8A49E00276D6E;
			remoteInfo = LightspeedCodingChallenge;
		};
/* End PBXContainerItemProxy section */

/* Begin PBXFileReference section */
		461DA6662CD8AC6E00173AA2 /* DimensionsModel.swift */ = {isa = PBXFileReference; lastKnownFileType = sourcecode.swift; path = DimensionsModel.swift; sourceTree = "<group>"; };
		461DA6672CD8AC6E00173AA2 /* MetaModel.swift */ = {isa = PBXFileReference; lastKnownFileType = sourcecode.swift; path = MetaModel.swift; sourceTree = "<group>"; };
		461DA6682CD8AC6E00173AA2 /* ProductModel.swift */ = {isa = PBXFileReference; lastKnownFileType = sourcecode.swift; path = ProductModel.swift; sourceTree = "<group>"; };
		461DA6692CD8AC6E00173AA2 /* ProductsContainerModel.swift */ = {isa = PBXFileReference; lastKnownFileType = sourcecode.swift; path = ProductsContainerModel.swift; sourceTree = "<group>"; };
		461DA66A2CD8AC6E00173AA2 /* ReviewModel.swift */ = {isa = PBXFileReference; lastKnownFileType = sourcecode.swift; path = ReviewModel.swift; sourceTree = "<group>"; };
		461DA66C2CD8AC6E00173AA2 /* Preview Assets.xcassets */ = {isa = PBXFileReference; lastKnownFileType = folder.assetcatalog; path = "Preview Assets.xcassets"; sourceTree = "<group>"; };
		461DA66E2CD8AC6E00173AA2 /* ProductsListCellView.swift */ = {isa = PBXFileReference; lastKnownFileType = sourcecode.swift; path = ProductsListCellView.swift; sourceTree = "<group>"; };
		461DA6702CD8AC6E00173AA2 /* ProductsListScreen.swift */ = {isa = PBXFileReference; lastKnownFileType = sourcecode.swift; path = ProductsListScreen.swift; sourceTree = "<group>"; };
		461DA6712CD8AC6E00173AA2 /* ProductsListViewData.swift */ = {isa = PBXFileReference; lastKnownFileType = sourcecode.swift; path = ProductsListViewData.swift; sourceTree = "<group>"; };
		461DA6722CD8AC6E00173AA2 /* ProductsListViewModel.swift */ = {isa = PBXFileReference; lastKnownFileType = sourcecode.swift; path = ProductsListViewModel.swift; sourceTree = "<group>"; };
		461DA6752CD8AC6E00173AA2 /* NetworkService.swift */ = {isa = PBXFileReference; lastKnownFileType = sourcecode.swift; path = NetworkService.swift; sourceTree = "<group>"; };
		461DA6772CD8AC6E00173AA2 /* CachedAsyncImage.swift */ = {isa = PBXFileReference; lastKnownFileType = sourcecode.swift; path = CachedAsyncImage.swift; sourceTree = "<group>"; };
		46B404812CD8A49E00276D6E /* LightspeedCodingChallenge.app */ = {isa = PBXFileReference; explicitFileType = wrapper.application; includeInIndex = 0; path = LightspeedCodingChallenge.app; sourceTree = BUILT_PRODUCTS_DIR; };
		46B404842CD8A49E00276D6E /* LightspeedCodingChallengeApp.swift */ = {isa = PBXFileReference; lastKnownFileType = sourcecode.swift; path = LightspeedCodingChallengeApp.swift; sourceTree = "<group>"; };
		46B404882CD8A49F00276D6E /* Assets.xcassets */ = {isa = PBXFileReference; lastKnownFileType = folder.assetcatalog; path = Assets.xcassets; sourceTree = "<group>"; };
		46B4048B2CD8A49F00276D6E /* Preview Assets.xcassets */ = {isa = PBXFileReference; lastKnownFileType = folder.assetcatalog; path = "Preview Assets.xcassets"; sourceTree = "<group>"; };
		46B404912CD8A49F00276D6E /* LightspeedCodingChallengeTests.xctest */ = {isa = PBXFileReference; explicitFileType = wrapper.cfbundle; includeInIndex = 0; path = LightspeedCodingChallengeTests.xctest; sourceTree = BUILT_PRODUCTS_DIR; };
		46B404952CD8A49F00276D6E /* LightspeedCodingChallengeTests.swift */ = {isa = PBXFileReference; lastKnownFileType = sourcecode.swift; path = LightspeedCodingChallengeTests.swift; sourceTree = "<group>"; };
		46B4049B2CD8A49F00276D6E /* LightspeedCodingChallengeUITests.xctest */ = {isa = PBXFileReference; explicitFileType = wrapper.cfbundle; includeInIndex = 0; path = LightspeedCodingChallengeUITests.xctest; sourceTree = BUILT_PRODUCTS_DIR; };
		46B4049F2CD8A49F00276D6E /* LightspeedCodingChallengeUITests.swift */ = {isa = PBXFileReference; lastKnownFileType = sourcecode.swift; path = LightspeedCodingChallengeUITests.swift; sourceTree = "<group>"; };
		46B404A12CD8A49F00276D6E /* LightspeedCodingChallengeUITestsLaunchTests.swift */ = {isa = PBXFileReference; lastKnownFileType = sourcecode.swift; path = LightspeedCodingChallengeUITestsLaunchTests.swift; sourceTree = "<group>"; };
/* End PBXFileReference section */

/* Begin PBXFrameworksBuildPhase section */
		46B4047E2CD8A49E00276D6E /* Frameworks */ = {
			isa = PBXFrameworksBuildPhase;
			buildActionMask = 2147483647;
			files = (
			);
			runOnlyForDeploymentPostprocessing = 0;
		};
		46B4048E2CD8A49F00276D6E /* Frameworks */ = {
			isa = PBXFrameworksBuildPhase;
			buildActionMask = 2147483647;
			files = (
			);
			runOnlyForDeploymentPostprocessing = 0;
		};
		46B404982CD8A49F00276D6E /* Frameworks */ = {
			isa = PBXFrameworksBuildPhase;
			buildActionMask = 2147483647;
			files = (
			);
			runOnlyForDeploymentPostprocessing = 0;
		};
/* End PBXFrameworksBuildPhase section */

/* Begin PBXGroup section */
		461DA66B2CD8AC6E00173AA2 /* Models */ = {
			isa = PBXGroup;
			children = (
				461DA6662CD8AC6E00173AA2 /* DimensionsModel.swift */,
				461DA6672CD8AC6E00173AA2 /* MetaModel.swift */,
				461DA6682CD8AC6E00173AA2 /* ProductModel.swift */,
				461DA6692CD8AC6E00173AA2 /* ProductsContainerModel.swift */,
				461DA66A2CD8AC6E00173AA2 /* ReviewModel.swift */,
			);
			path = Models;
			sourceTree = "<group>";
		};
		461DA66D2CD8AC6E00173AA2 /* Preview Content */ = {
			isa = PBXGroup;
			children = (
				461DA66C2CD8AC6E00173AA2 /* Preview Assets.xcassets */,
			);
			path = "Preview Content";
			sourceTree = "<group>";
		};
		461DA66F2CD8AC6E00173AA2 /* UI Elements */ = {
			isa = PBXGroup;
			children = (
				461DA66E2CD8AC6E00173AA2 /* ProductsListCellView.swift */,
			);
			path = "UI Elements";
			sourceTree = "<group>";
		};
		461DA6732CD8AC6E00173AA2 /* Products List */ = {
			isa = PBXGroup;
			children = (
				461DA66F2CD8AC6E00173AA2 /* UI Elements */,
				461DA6702CD8AC6E00173AA2 /* ProductsListScreen.swift */,
				461DA6712CD8AC6E00173AA2 /* ProductsListViewData.swift */,
				461DA6722CD8AC6E00173AA2 /* ProductsListViewModel.swift */,
			);
			path = "Products List";
			sourceTree = "<group>";
		};
		461DA6742CD8AC6E00173AA2 /* Screens */ = {
			isa = PBXGroup;
			children = (
				461DA6732CD8AC6E00173AA2 /* Products List */,
			);
			path = Screens;
			sourceTree = "<group>";
		};
		461DA6762CD8AC6E00173AA2 /* Services */ = {
			isa = PBXGroup;
			children = (
				461DA6752CD8AC6E00173AA2 /* NetworkService.swift */,
			);
			path = Services;
			sourceTree = "<group>";
		};
		461DA6782CD8AC6E00173AA2 /* UI Elements */ = {
			isa = PBXGroup;
			children = (
				461DA6772CD8AC6E00173AA2 /* CachedAsyncImage.swift */,
			);
			path = "UI Elements";
			sourceTree = "<group>";
		};
		46B404782CD8A49E00276D6E = {
			isa = PBXGroup;
			children = (
				46B404832CD8A49E00276D6E /* LightspeedCodingChallenge */,
				46B404942CD8A49F00276D6E /* LightspeedCodingChallengeTests */,
				46B4049E2CD8A49F00276D6E /* LightspeedCodingChallengeUITests */,
				46B404822CD8A49E00276D6E /* Products */,
			);
			sourceTree = "<group>";
		};
		46B404822CD8A49E00276D6E /* Products */ = {
			isa = PBXGroup;
			children = (
				46B404812CD8A49E00276D6E /* LightspeedCodingChallenge.app */,
				46B404912CD8A49F00276D6E /* LightspeedCodingChallengeTests.xctest */,
				46B4049B2CD8A49F00276D6E /* LightspeedCodingChallengeUITests.xctest */,
			);
			name = Products;
			sourceTree = "<group>";
		};
		46B404832CD8A49E00276D6E /* LightspeedCodingChallenge */ = {
			isa = PBXGroup;
			children = (
				461DA66B2CD8AC6E00173AA2 /* Models */,
				461DA66D2CD8AC6E00173AA2 /* Preview Content */,
				461DA6742CD8AC6E00173AA2 /* Screens */,
				461DA6762CD8AC6E00173AA2 /* Services */,
				461DA6782CD8AC6E00173AA2 /* UI Elements */,
				46B404842CD8A49E00276D6E /* LightspeedCodingChallengeApp.swift */,
				46B404882CD8A49F00276D6E /* Assets.xcassets */,
				46B4048A2CD8A49F00276D6E /* Preview Content */,
			);
			path = LightspeedCodingChallenge;
			sourceTree = "<group>";
		};
		46B4048A2CD8A49F00276D6E /* Preview Content */ = {
			isa = PBXGroup;
			children = (
				46B4048B2CD8A49F00276D6E /* Preview Assets.xcassets */,
			);
			path = "Preview Content";
			sourceTree = "<group>";
		};
		46B404942CD8A49F00276D6E /* LightspeedCodingChallengeTests */ = {
			isa = PBXGroup;
			children = (
				46B404952CD8A49F00276D6E /* LightspeedCodingChallengeTests.swift */,
			);
			path = LightspeedCodingChallengeTests;
			sourceTree = "<group>";
		};
		46B4049E2CD8A49F00276D6E /* LightspeedCodingChallengeUITests */ = {
			isa = PBXGroup;
			children = (
				46B4049F2CD8A49F00276D6E /* LightspeedCodingChallengeUITests.swift */,
				46B404A12CD8A49F00276D6E /* LightspeedCodingChallengeUITestsLaunchTests.swift */,
			);
			path = LightspeedCodingChallengeUITests;
			sourceTree = "<group>";
		};
/* End PBXGroup section */

/* Begin PBXNativeTarget section */
		46B404802CD8A49E00276D6E /* LightspeedCodingChallenge */ = {
			isa = PBXNativeTarget;
			buildConfigurationList = 46B404A52CD8A49F00276D6E /* Build configuration list for PBXNativeTarget "LightspeedCodingChallenge" */;
			buildPhases = (
				46B4047D2CD8A49E00276D6E /* Sources */,
				46B4047E2CD8A49E00276D6E /* Frameworks */,
				46B4047F2CD8A49E00276D6E /* Resources */,
			);
			buildRules = (
			);
			dependencies = (
			);
			name = LightspeedCodingChallenge;
			productName = LightspeedCodingChallenge;
			productReference = 46B404812CD8A49E00276D6E /* LightspeedCodingChallenge.app */;
			productType = "com.apple.product-type.application";
		};
		46B404902CD8A49F00276D6E /* LightspeedCodingChallengeTests */ = {
			isa = PBXNativeTarget;
			buildConfigurationList = 46B404A82CD8A49F00276D6E /* Build configuration list for PBXNativeTarget "LightspeedCodingChallengeTests" */;
			buildPhases = (
				46B4048D2CD8A49F00276D6E /* Sources */,
				46B4048E2CD8A49F00276D6E /* Frameworks */,
				46B4048F2CD8A49F00276D6E /* Resources */,
			);
			buildRules = (
			);
			dependencies = (
				46B404932CD8A49F00276D6E /* PBXTargetDependency */,
			);
			name = LightspeedCodingChallengeTests;
			productName = LightspeedCodingChallengeTests;
			productReference = 46B404912CD8A49F00276D6E /* LightspeedCodingChallengeTests.xctest */;
			productType = "com.apple.product-type.bundle.unit-test";
		};
		46B4049A2CD8A49F00276D6E /* LightspeedCodingChallengeUITests */ = {
			isa = PBXNativeTarget;
			buildConfigurationList = 46B404AB2CD8A49F00276D6E /* Build configuration list for PBXNativeTarget "LightspeedCodingChallengeUITests" */;
			buildPhases = (
				46B404972CD8A49F00276D6E /* Sources */,
				46B404982CD8A49F00276D6E /* Frameworks */,
				46B404992CD8A49F00276D6E /* Resources */,
			);
			buildRules = (
			);
			dependencies = (
				46B4049D2CD8A49F00276D6E /* PBXTargetDependency */,
			);
			name = LightspeedCodingChallengeUITests;
			productName = LightspeedCodingChallengeUITests;
			productReference = 46B4049B2CD8A49F00276D6E /* LightspeedCodingChallengeUITests.xctest */;
			productType = "com.apple.product-type.bundle.ui-testing";
		};
/* End PBXNativeTarget section */

/* Begin PBXProject section */
		46B404792CD8A49E00276D6E /* Project object */ = {
			isa = PBXProject;
			attributes = {
				BuildIndependentTargetsInParallel = 1;
				LastSwiftUpdateCheck = 1540;
				LastUpgradeCheck = 1540;
				TargetAttributes = {
					46B404802CD8A49E00276D6E = {
						CreatedOnToolsVersion = 15.4;
					};
					46B404902CD8A49F00276D6E = {
						CreatedOnToolsVersion = 15.4;
						TestTargetID = 46B404802CD8A49E00276D6E;
					};
					46B4049A2CD8A49F00276D6E = {
						CreatedOnToolsVersion = 15.4;
						TestTargetID = 46B404802CD8A49E00276D6E;
					};
				};
			};
			buildConfigurationList = 46B4047C2CD8A49E00276D6E /* Build configuration list for PBXProject "LightspeedCodingChallenge" */;
			compatibilityVersion = "Xcode 14.0";
			developmentRegion = en;
			hasScannedForEncodings = 0;
			knownRegions = (
				en,
				Base,
			);
			mainGroup = 46B404782CD8A49E00276D6E;
			productRefGroup = 46B404822CD8A49E00276D6E /* Products */;
			projectDirPath = "";
			projectRoot = "";
			targets = (
				46B404802CD8A49E00276D6E /* LightspeedCodingChallenge */,
				46B404902CD8A49F00276D6E /* LightspeedCodingChallengeTests */,
				46B4049A2CD8A49F00276D6E /* LightspeedCodingChallengeUITests */,
			);
		};
/* End PBXProject section */

/* Begin PBXResourcesBuildPhase section */
		46B4047F2CD8A49E00276D6E /* Resources */ = {
			isa = PBXResourcesBuildPhase;
			buildActionMask = 2147483647;
			files = (
				46B4048C2CD8A49F00276D6E /* Preview Assets.xcassets in Resources */,
				461DA6842CD8AC6E00173AA2 /* Preview Assets.xcassets in Resources */,
				46B404892CD8A49F00276D6E /* Assets.xcassets in Resources */,
			);
			runOnlyForDeploymentPostprocessing = 0;
		};
		46B4048F2CD8A49F00276D6E /* Resources */ = {
			isa = PBXResourcesBuildPhase;
			buildActionMask = 2147483647;
			files = (
			);
			runOnlyForDeploymentPostprocessing = 0;
		};
		46B404992CD8A49F00276D6E /* Resources */ = {
			isa = PBXResourcesBuildPhase;
			buildActionMask = 2147483647;
			files = (
			);
			runOnlyForDeploymentPostprocessing = 0;
		};
/* End PBXResourcesBuildPhase section */

/* Begin PBXSourcesBuildPhase section */
		46B4047D2CD8A49E00276D6E /* Sources */ = {
			isa = PBXSourcesBuildPhase;
			buildActionMask = 2147483647;
			files = (
				461DA6792CD8AC6E00173AA2 /* ProductsListViewData.swift in Sources */,
				461DA67A2CD8AC6E00173AA2 /* NetworkService.swift in Sources */,
				461DA67B2CD8AC6E00173AA2 /* ProductsListScreen.swift in Sources */,
				461DA67C2CD8AC6E00173AA2 /* ProductsContainerModel.swift in Sources */,
				461DA67D2CD8AC6E00173AA2 /* ReviewModel.swift in Sources */,
				461DA67E2CD8AC6E00173AA2 /* MetaModel.swift in Sources */,
				461DA67F2CD8AC6E00173AA2 /* ProductModel.swift in Sources */,
				461DA6802CD8AC6E00173AA2 /* DimensionsModel.swift in Sources */,
				461DA6812CD8AC6E00173AA2 /* ProductsListCellView.swift in Sources */,
				461DA6822CD8AC6E00173AA2 /* ProductsListViewModel.swift in Sources */,
				461DA6832CD8AC6E00173AA2 /* CachedAsyncImage.swift in Sources */,
				46B404852CD8A49E00276D6E /* LightspeedCodingChallengeApp.swift in Sources */,
			);
			runOnlyForDeploymentPostprocessing = 0;
		};
		46B4048D2CD8A49F00276D6E /* Sources */ = {
			isa = PBXSourcesBuildPhase;
			buildActionMask = 2147483647;
			files = (
				46B404962CD8A49F00276D6E /* LightspeedCodingChallengeTests.swift in Sources */,
			);
			runOnlyForDeploymentPostprocessing = 0;
		};
		46B404972CD8A49F00276D6E /* Sources */ = {
			isa = PBXSourcesBuildPhase;
			buildActionMask = 2147483647;
			files = (
				46B404A02CD8A49F00276D6E /* LightspeedCodingChallengeUITests.swift in Sources */,
				46B404A22CD8A49F00276D6E /* LightspeedCodingChallengeUITestsLaunchTests.swift in Sources */,
			);
			runOnlyForDeploymentPostprocessing = 0;
		};
/* End PBXSourcesBuildPhase section */

/* Begin PBXTargetDependency section */
		46B404932CD8A49F00276D6E /* PBXTargetDependency */ = {
			isa = PBXTargetDependency;
			target = 46B404802CD8A49E00276D6E /* LightspeedCodingChallenge */;
			targetProxy = 46B404922CD8A49F00276D6E /* PBXContainerItemProxy */;
		};
		46B4049D2CD8A49F00276D6E /* PBXTargetDependency */ = {
			isa = PBXTargetDependency;
			target = 46B404802CD8A49E00276D6E /* LightspeedCodingChallenge */;
			targetProxy = 46B4049C2CD8A49F00276D6E /* PBXContainerItemProxy */;
		};
/* End PBXTargetDependency section */

/* Begin XCBuildConfiguration section */
		46B404A32CD8A49F00276D6E /* Debug */ = {
			isa = XCBuildConfiguration;
			buildSettings = {
				ALWAYS_SEARCH_USER_PATHS = NO;
				ASSETCATALOG_COMPILER_GENERATE_SWIFT_ASSET_SYMBOL_EXTENSIONS = YES;
				CLANG_ANALYZER_NONNULL = YES;
				CLANG_ANALYZER_NUMBER_OBJECT_CONVERSION = YES_AGGRESSIVE;
				CLANG_CXX_LANGUAGE_STANDARD = "gnu++20";
				CLANG_ENABLE_MODULES = YES;
				CLANG_ENABLE_OBJC_ARC = YES;
				CLANG_ENABLE_OBJC_WEAK = YES;
				CLANG_WARN_BLOCK_CAPTURE_AUTORELEASING = YES;
				CLANG_WARN_BOOL_CONVERSION = YES;
				CLANG_WARN_COMMA = YES;
				CLANG_WARN_CONSTANT_CONVERSION = YES;
				CLANG_WARN_DEPRECATED_OBJC_IMPLEMENTATIONS = YES;
				CLANG_WARN_DIRECT_OBJC_ISA_USAGE = YES_ERROR;
				CLANG_WARN_DOCUMENTATION_COMMENTS = YES;
				CLANG_WARN_EMPTY_BODY = YES;
				CLANG_WARN_ENUM_CONVERSION = YES;
				CLANG_WARN_INFINITE_RECURSION = YES;
				CLANG_WARN_INT_CONVERSION = YES;
				CLANG_WARN_NON_LITERAL_NULL_CONVERSION = YES;
				CLANG_WARN_OBJC_IMPLICIT_RETAIN_SELF = YES;
				CLANG_WARN_OBJC_LITERAL_CONVERSION = YES;
				CLANG_WARN_OBJC_ROOT_CLASS = YES_ERROR;
				CLANG_WARN_QUOTED_INCLUDE_IN_FRAMEWORK_HEADER = YES;
				CLANG_WARN_RANGE_LOOP_ANALYSIS = YES;
				CLANG_WARN_STRICT_PROTOTYPES = YES;
				CLANG_WARN_SUSPICIOUS_MOVE = YES;
				CLANG_WARN_UNGUARDED_AVAILABILITY = YES_AGGRESSIVE;
				CLANG_WARN_UNREACHABLE_CODE = YES;
				CLANG_WARN__DUPLICATE_METHOD_MATCH = YES;
				COPY_PHASE_STRIP = NO;
				DEBUG_INFORMATION_FORMAT = dwarf;
				ENABLE_STRICT_OBJC_MSGSEND = YES;
				ENABLE_TESTABILITY = YES;
				ENABLE_USER_SCRIPT_SANDBOXING = YES;
				GCC_C_LANGUAGE_STANDARD = gnu17;
				GCC_DYNAMIC_NO_PIC = NO;
				GCC_NO_COMMON_BLOCKS = YES;
				GCC_OPTIMIZATION_LEVEL = 0;
				GCC_PREPROCESSOR_DEFINITIONS = (
					"DEBUG=1",
					"$(inherited)",
				);
				GCC_WARN_64_TO_32_BIT_CONVERSION = YES;
				GCC_WARN_ABOUT_RETURN_TYPE = YES_ERROR;
				GCC_WARN_UNDECLARED_SELECTOR = YES;
				GCC_WARN_UNINITIALIZED_AUTOS = YES_AGGRESSIVE;
				GCC_WARN_UNUSED_FUNCTION = YES;
				GCC_WARN_UNUSED_VARIABLE = YES;
				IPHONEOS_DEPLOYMENT_TARGET = 17.5;
				LOCALIZATION_PREFERS_STRING_CATALOGS = YES;
				MTL_ENABLE_DEBUG_INFO = INCLUDE_SOURCE;
				MTL_FAST_MATH = YES;
				ONLY_ACTIVE_ARCH = YES;
				SDKROOT = iphoneos;
				SWIFT_ACTIVE_COMPILATION_CONDITIONS = "DEBUG $(inherited)";
				SWIFT_OPTIMIZATION_LEVEL = "-Onone";
			};
			name = Debug;
		};
		46B404A42CD8A49F00276D6E /* Release */ = {
			isa = XCBuildConfiguration;
			buildSettings = {
				ALWAYS_SEARCH_USER_PATHS = NO;
				ASSETCATALOG_COMPILER_GENERATE_SWIFT_ASSET_SYMBOL_EXTENSIONS = YES;
				CLANG_ANALYZER_NONNULL = YES;
				CLANG_ANALYZER_NUMBER_OBJECT_CONVERSION = YES_AGGRESSIVE;
				CLANG_CXX_LANGUAGE_STANDARD = "gnu++20";
				CLANG_ENABLE_MODULES = YES;
				CLANG_ENABLE_OBJC_ARC = YES;
				CLANG_ENABLE_OBJC_WEAK = YES;
				CLANG_WARN_BLOCK_CAPTURE_AUTORELEASING = YES;
				CLANG_WARN_BOOL_CONVERSION = YES;
				CLANG_WARN_COMMA = YES;
				CLANG_WARN_CONSTANT_CONVERSION = YES;
				CLANG_WARN_DEPRECATED_OBJC_IMPLEMENTATIONS = YES;
				CLANG_WARN_DIRECT_OBJC_ISA_USAGE = YES_ERROR;
				CLANG_WARN_DOCUMENTATION_COMMENTS = YES;
				CLANG_WARN_EMPTY_BODY = YES;
				CLANG_WARN_ENUM_CONVERSION = YES;
				CLANG_WARN_INFINITE_RECURSION = YES;
				CLANG_WARN_INT_CONVERSION = YES;
				CLANG_WARN_NON_LITERAL_NULL_CONVERSION = YES;
				CLANG_WARN_OBJC_IMPLICIT_RETAIN_SELF = YES;
				CLANG_WARN_OBJC_LITERAL_CONVERSION = YES;
				CLANG_WARN_OBJC_ROOT_CLASS = YES_ERROR;
				CLANG_WARN_QUOTED_INCLUDE_IN_FRAMEWORK_HEADER = YES;
				CLANG_WARN_RANGE_LOOP_ANALYSIS = YES;
				CLANG_WARN_STRICT_PROTOTYPES = YES;
				CLANG_WARN_SUSPICIOUS_MOVE = YES;
				CLANG_WARN_UNGUARDED_AVAILABILITY = YES_AGGRESSIVE;
				CLANG_WARN_UNREACHABLE_CODE = YES;
				CLANG_WARN__DUPLICATE_METHOD_MATCH = YES;
				COPY_PHASE_STRIP = NO;
				DEBUG_INFORMATION_FORMAT = "dwarf-with-dsym";
				ENABLE_NS_ASSERTIONS = NO;
				ENABLE_STRICT_OBJC_MSGSEND = YES;
				ENABLE_USER_SCRIPT_SANDBOXING = YES;
				GCC_C_LANGUAGE_STANDARD = gnu17;
				GCC_NO_COMMON_BLOCKS = YES;
				GCC_WARN_64_TO_32_BIT_CONVERSION = YES;
				GCC_WARN_ABOUT_RETURN_TYPE = YES_ERROR;
				GCC_WARN_UNDECLARED_SELECTOR = YES;
				GCC_WARN_UNINITIALIZED_AUTOS = YES_AGGRESSIVE;
				GCC_WARN_UNUSED_FUNCTION = YES;
				GCC_WARN_UNUSED_VARIABLE = YES;
				IPHONEOS_DEPLOYMENT_TARGET = 17.5;
				LOCALIZATION_PREFERS_STRING_CATALOGS = YES;
				MTL_ENABLE_DEBUG_INFO = NO;
				MTL_FAST_MATH = YES;
				SDKROOT = iphoneos;
				SWIFT_COMPILATION_MODE = wholemodule;
				VALIDATE_PRODUCT = YES;
			};
			name = Release;
		};
		46B404A62CD8A49F00276D6E /* Debug */ = {
			isa = XCBuildConfiguration;
			buildSettings = {
				ASSETCATALOG_COMPILER_APPICON_NAME = AppIcon;
				ASSETCATALOG_COMPILER_GLOBAL_ACCENT_COLOR_NAME = AccentColor;
				CODE_SIGN_STYLE = Automatic;
				CURRENT_PROJECT_VERSION = 1;
				DEVELOPMENT_ASSET_PATHS = "\"LightspeedCodingChallenge/Preview Content\"";
				DEVELOPMENT_TEAM = 6RM7SKRY5Z;
				ENABLE_PREVIEWS = YES;
				GENERATE_INFOPLIST_FILE = YES;
				INFOPLIST_KEY_UIApplicationSceneManifest_Generation = YES;
				INFOPLIST_KEY_UIApplicationSupportsIndirectInputEvents = YES;
				INFOPLIST_KEY_UILaunchScreen_Generation = YES;
				INFOPLIST_KEY_UISupportedInterfaceOrientations_iPad = "UIInterfaceOrientationPortrait UIInterfaceOrientationPortraitUpsideDown UIInterfaceOrientationLandscapeLeft UIInterfaceOrientationLandscapeRight";
				INFOPLIST_KEY_UISupportedInterfaceOrientations_iPhone = "UIInterfaceOrientationPortrait UIInterfaceOrientationLandscapeLeft UIInterfaceOrientationLandscapeRight";
				LD_RUNPATH_SEARCH_PATHS = (
					"$(inherited)",
					"@executable_path/Frameworks",
				);
				MARKETING_VERSION = 1.0;
				PRODUCT_BUNDLE_IDENTIFIER = com.LightspeedCodingChallenge;
				PRODUCT_NAME = "$(TARGET_NAME)";
				SWIFT_EMIT_LOC_STRINGS = YES;
				SWIFT_VERSION = 5.0;
				TARGETED_DEVICE_FAMILY = "1,2";
			};
			name = Debug;
		};
		46B404A72CD8A49F00276D6E /* Release */ = {
			isa = XCBuildConfiguration;
			buildSettings = {
				ASSETCATALOG_COMPILER_APPICON_NAME = AppIcon;
				ASSETCATALOG_COMPILER_GLOBAL_ACCENT_COLOR_NAME = AccentColor;
				CODE_SIGN_STYLE = Automatic;
				CURRENT_PROJECT_VERSION = 1;
				DEVELOPMENT_ASSET_PATHS = "\"LightspeedCodingChallenge/Preview Content\"";
				DEVELOPMENT_TEAM = 6RM7SKRY5Z;
				ENABLE_PREVIEWS = YES;
				GENERATE_INFOPLIST_FILE = YES;
				INFOPLIST_KEY_UIApplicationSceneManifest_Generation = YES;
				INFOPLIST_KEY_UIApplicationSupportsIndirectInputEvents = YES;
				INFOPLIST_KEY_UILaunchScreen_Generation = YES;
				INFOPLIST_KEY_UISupportedInterfaceOrientations_iPad = "UIInterfaceOrientationPortrait UIInterfaceOrientationPortraitUpsideDown UIInterfaceOrientationLandscapeLeft UIInterfaceOrientationLandscapeRight";
				INFOPLIST_KEY_UISupportedInterfaceOrientations_iPhone = "UIInterfaceOrientationPortrait UIInterfaceOrientationLandscapeLeft UIInterfaceOrientationLandscapeRight";
				LD_RUNPATH_SEARCH_PATHS = (
					"$(inherited)",
					"@executable_path/Frameworks",
				);
				MARKETING_VERSION = 1.0;
				PRODUCT_BUNDLE_IDENTIFIER = com.LightspeedCodingChallenge;
				PRODUCT_NAME = "$(TARGET_NAME)";
				SWIFT_EMIT_LOC_STRINGS = YES;
				SWIFT_VERSION = 5.0;
				TARGETED_DEVICE_FAMILY = "1,2";
			};
			name = Release;
		};
		46B404A92CD8A49F00276D6E /* Debug */ = {
			isa = XCBuildConfiguration;
			buildSettings = {
				ALWAYS_EMBED_SWIFT_STANDARD_LIBRARIES = YES;
				BUNDLE_LOADER = "$(TEST_HOST)";
				CODE_SIGN_STYLE = Automatic;
				CURRENT_PROJECT_VERSION = 1;
				DEVELOPMENT_TEAM = 6RM7SKRY5Z;
				GENERATE_INFOPLIST_FILE = YES;
				IPHONEOS_DEPLOYMENT_TARGET = 17.5;
				MARKETING_VERSION = 1.0;
				PRODUCT_BUNDLE_IDENTIFIER = com.LightspeedCodingChallengeTests;
				PRODUCT_NAME = "$(TARGET_NAME)";
				SWIFT_EMIT_LOC_STRINGS = NO;
				SWIFT_VERSION = 5.0;
				TARGETED_DEVICE_FAMILY = "1,2";
				TEST_HOST = "$(BUILT_PRODUCTS_DIR)/LightspeedCodingChallenge.app/$(BUNDLE_EXECUTABLE_FOLDER_PATH)/LightspeedCodingChallenge";
			};
			name = Debug;
		};
		46B404AA2CD8A49F00276D6E /* Release */ = {
			isa = XCBuildConfiguration;
			buildSettings = {
				ALWAYS_EMBED_SWIFT_STANDARD_LIBRARIES = YES;
				BUNDLE_LOADER = "$(TEST_HOST)";
				CODE_SIGN_STYLE = Automatic;
				CURRENT_PROJECT_VERSION = 1;
				DEVELOPMENT_TEAM = 6RM7SKRY5Z;
				GENERATE_INFOPLIST_FILE = YES;
				IPHONEOS_DEPLOYMENT_TARGET = 17.5;
				MARKETING_VERSION = 1.0;
				PRODUCT_BUNDLE_IDENTIFIER = com.LightspeedCodingChallengeTests;
				PRODUCT_NAME = "$(TARGET_NAME)";
				SWIFT_EMIT_LOC_STRINGS = NO;
				SWIFT_VERSION = 5.0;
				TARGETED_DEVICE_FAMILY = "1,2";
				TEST_HOST = "$(BUILT_PRODUCTS_DIR)/LightspeedCodingChallenge.app/$(BUNDLE_EXECUTABLE_FOLDER_PATH)/LightspeedCodingChallenge";
			};
			name = Release;
		};
		46B404AC2CD8A49F00276D6E /* Debug */ = {
			isa = XCBuildConfiguration;
			buildSettings = {
				ALWAYS_EMBED_SWIFT_STANDARD_LIBRARIES = YES;
				CODE_SIGN_STYLE = Automatic;
				CURRENT_PROJECT_VERSION = 1;
				DEVELOPMENT_TEAM = 6RM7SKRY5Z;
				GENERATE_INFOPLIST_FILE = YES;
				MARKETING_VERSION = 1.0;
				PRODUCT_BUNDLE_IDENTIFIER = com.LightspeedCodingChallengeUITests;
				PRODUCT_NAME = "$(TARGET_NAME)";
				SWIFT_EMIT_LOC_STRINGS = NO;
				SWIFT_VERSION = 5.0;
				TARGETED_DEVICE_FAMILY = "1,2";
				TEST_TARGET_NAME = LightspeedCodingChallenge;
			};
			name = Debug;
		};
		46B404AD2CD8A49F00276D6E /* Release */ = {
			isa = XCBuildConfiguration;
			buildSettings = {
				ALWAYS_EMBED_SWIFT_STANDARD_LIBRARIES = YES;
				CODE_SIGN_STYLE = Automatic;
				CURRENT_PROJECT_VERSION = 1;
				DEVELOPMENT_TEAM = 6RM7SKRY5Z;
				GENERATE_INFOPLIST_FILE = YES;
				MARKETING_VERSION = 1.0;
				PRODUCT_BUNDLE_IDENTIFIER = com.LightspeedCodingChallengeUITests;
				PRODUCT_NAME = "$(TARGET_NAME)";
				SWIFT_EMIT_LOC_STRINGS = NO;
				SWIFT_VERSION = 5.0;
				TARGETED_DEVICE_FAMILY = "1,2";
				TEST_TARGET_NAME = LightspeedCodingChallenge;
			};
			name = Release;
		};
/* End XCBuildConfiguration section */

/* Begin XCConfigurationList section */
		46B4047C2CD8A49E00276D6E /* Build configuration list for PBXProject "LightspeedCodingChallenge" */ = {
			isa = XCConfigurationList;
			buildConfigurations = (
				46B404A32CD8A49F00276D6E /* Debug */,
				46B404A42CD8A49F00276D6E /* Release */,
			);
			defaultConfigurationIsVisible = 0;
			defaultConfigurationName = Release;
		};
		46B404A52CD8A49F00276D6E /* Build configuration list for PBXNativeTarget "LightspeedCodingChallenge" */ = {
			isa = XCConfigurationList;
			buildConfigurations = (
				46B404A62CD8A49F00276D6E /* Debug */,
				46B404A72CD8A49F00276D6E /* Release */,
			);
			defaultConfigurationIsVisible = 0;
			defaultConfigurationName = Release;
		};
		46B404A82CD8A49F00276D6E /* Build configuration list for PBXNativeTarget "LightspeedCodingChallengeTests" */ = {
			isa = XCConfigurationList;
			buildConfigurations = (
				46B404A92CD8A49F00276D6E /* Debug */,
				46B404AA2CD8A49F00276D6E /* Release */,
			);
			defaultConfigurationIsVisible = 0;
			defaultConfigurationName = Release;
		};
		46B404AB2CD8A49F00276D6E /* Build configuration list for PBXNativeTarget "LightspeedCodingChallengeUITests" */ = {
			isa = XCConfigurationList;
			buildConfigurations = (
				46B404AC2CD8A49F00276D6E /* Debug */,
				46B404AD2CD8A49F00276D6E /* Release */,
			);
			defaultConfigurationIsVisible = 0;
			defaultConfigurationName = Release;
		};
/* End XCConfigurationList section */
	};
	rootObject = 46B404792CD8A49E00276D6E /* Project object */;
}
